
Microsoft Visual Studio Solution File, Format Version 12.00
# Visual Studio Version 17
VisualStudioVersion = 17.14.36518.9
MinimumVisualStudioVersion = 10.0.40219.1
Project("{FAE04EC0-301F-11D3-BF4B-00C04F79EFBC}") = "Ataza1", "Ataza1\Ataza1.csproj", "{F2BA5FB6-A82E-4A14-A9B4-03537EEE4C24}"
EndProject
Project("{FAE04EC0-301F-11D3-BF4B-00C04F79EFBC}") = "Ataza1-2", "Ataza1-2\Ataza1-2.csproj", "{89C5910E-CD71-4FB3-B7A2-3C02C3C0E108}"
EndProject
Project("{FAE04EC0-301F-11D3-BF4B-00C04F79EFBC}") = "Ataza1-3", "Ataza1-3\Ataza1-3.csproj", "{0727B7C9-62D3-4214-AFA2-5B89590EFF36}"
EndProject
Global
	GlobalSection(SolutionConfigurationPlatforms) = preSolution
		Debug|Any CPU = Debug|Any CPU
		Release|Any CPU = Release|Any CPU
	EndGlobalSection
	GlobalSection(ProjectConfigurationPlatforms) = postSolution
		{F2BA5FB6-A82E-4A14-A9B4-03537EEE4C24}.Debug|Any CPU.ActiveCfg = Debug|Any CPU
		{F2BA5FB6-A82E-4A14-A9B4-03537EEE4C24}.Debug|Any CPU.Build.0 = Debug|Any CPU
		{F2BA5FB6-A82E-4A14-A9B4-03537EEE4C24}.Release|Any CPU.ActiveCfg = Release|Any CPU
		{F2BA5FB6-A82E-4A14-A9B4-03537EEE4C24}.Release|Any CPU.Build.0 = Release|Any CPU
		{89C5910E-CD71-4FB3-B7A2-3C02C3C0E108}.Debug|Any CPU.ActiveCfg = Debug|Any CPU
		{89C5910E-CD71-4FB3-B7A2-3C02C3C0E108}.Debug|Any CPU.Build.0 = Debug|Any CPU
		{89C5910E-CD71-4FB3-B7A2-3C02C3C0E108}.Release|Any CPU.ActiveCfg = Release|Any CPU
		{89C5910E-CD71-4FB3-B7A2-3C02C3C0E108}.Release|Any CPU.Build.0 = Release|Any CPU
		{0727B7C9-62D3-4214-AFA2-5B89590EFF36}.Debug|Any CPU.ActiveCfg = Debug|Any CPU
		{0727B7C9-62D3-4214-AFA2-5B89590EFF36}.Debug|Any CPU.Build.0 = Debug|Any CPU
		{0727B7C9-62D3-4214-AFA2-5B89590EFF36}.Release|Any CPU.ActiveCfg = Release|Any CPU
		{0727B7C9-62D3-4214-AFA2-5B89590EFF36}.Release|Any CPU.Build.0 = Release|Any CPU
	EndGlobalSection
	GlobalSection(SolutionProperties) = preSolution
		HideSolutionNode = FALSE
	EndGlobalSection
	GlobalSection(ExtensibilityGlobals) = postSolution
		SolutionGuid = {FE3D1A74-F1F4-4171-8E60-5DE1B698746B}
	EndGlobalSection
EndGlobal
