
Microsoft Visual Studio Solution File, Format Version 12.00
# Visual Studio Version 17
VisualStudioVersion = 17.14.36705.20 d17.14
MinimumVisualStudioVersion = 10.0.40219.1
Project("{FAE04EC0-301F-11D3-BF4B-00C04F79EFBC}") = "TPV-ERRONKA", "TPV-ERRONKA\TPV-ERRONKA.csproj", "{BCC0202C-A93B-4FAB-AA92-14E4C247B765}"
EndProject
Global
	GlobalSection(SolutionConfigurationPlatforms) = preSolution
		Debug|Any CPU = Debug|Any CPU
		Release|Any CPU = Release|Any CPU
	EndGlobalSection
	GlobalSection(ProjectConfigurationPlatforms) = postSolution
		{BCC0202C-A93B-4FAB-AA92-14E4C247B765}.Debug|Any CPU.ActiveCfg = Debug|Any CPU
		{BCC0202C-A93B-4FAB-AA92-14E4C247B765}.Debug|Any CPU.Build.0 = Debug|Any CPU
		{BCC0202C-A93B-4FAB-AA92-14E4C247B765}.Release|Any CPU.ActiveCfg = Release|Any CPU
		{BCC0202C-A93B-4FAB-AA92-14E4C247B765}.Release|Any CPU.Build.0 = Release|Any CPU
	EndGlobalSection
	GlobalSection(SolutionProperties) = preSolution
		HideSolutionNode = FALSE
	EndGlobalSection
	GlobalSection(ExtensibilityGlobals) = postSolution
		SolutionGuid = {661E3CCE-196D-4806-B7AB-54E2AF6E0C78}
	EndGlobalSection
EndGlobal
