
Microsoft Visual Studio Solution File, Format Version 12.00
# Visual Studio Version 17
VisualStudioVersion = 17.13.35825.156 d17.13
MinimumVisualStudioVersion = 10.0.40219.1
Project("{FAE04EC0-301F-11D3-BF4B-00C04F79EFBC}") = "WinFormsApp3", "WinFormsApp3.csproj", "{99B6C74F-33FA-4934-B961-8875C5494F45}"
EndProject
Global
	GlobalSection(SolutionConfigurationPlatforms) = preSolution
		Debug|Any CPU = Debug|Any CPU
		Release|Any CPU = Release|Any CPU
	EndGlobalSection
	GlobalSection(ProjectConfigurationPlatforms) = postSolution
		{99B6C74F-33FA-4934-B961-8875C5494F45}.Debug|Any CPU.ActiveCfg = Debug|Any CPU
		{99B6C74F-33FA-4934-B961-8875C5494F45}.Debug|Any CPU.Build.0 = Debug|Any CPU
		{99B6C74F-33FA-4934-B961-8875C5494F45}.Release|Any CPU.ActiveCfg = Release|Any CPU
		{99B6C74F-33FA-4934-B961-8875C5494F45}.Release|Any CPU.Build.0 = Release|Any CPU
	EndGlobalSection
	GlobalSection(SolutionProperties) = preSolution
		HideSolutionNode = FALSE
	EndGlobalSection
	GlobalSection(ExtensibilityGlobals) = postSolution
		SolutionGuid = {3EF2DD75-3F13-4DCB-BDEE-0B4EED55EB45}
	EndGlobalSection
EndGlobal
